
Microsoft Visual Studio Solution File, Format Version 12.00
# Visual Studio Version 16
VisualStudioVersion = 16.0.31424.327
MinimumVisualStudioVersion = 10.0.40219.1
Project("{FAE04EC0-301F-11D3-BF4B-00C04F79EFBC}") = "calificaciones con while", "calificaciones con while.csproj", "{070771A5-B916-4ECC-99C6-3324B579B339}"
EndProject
Global
	GlobalSection(SolutionConfigurationPlatforms) = preSolution
		Debug|Any CPU = Debug|Any CPU
		Release|Any CPU = Release|Any CPU
	EndGlobalSection
	GlobalSection(ProjectConfigurationPlatforms) = postSolution
		{070771A5-B916-4ECC-99C6-3324B579B339}.Debug|Any CPU.ActiveCfg = Debug|Any CPU
		{070771A5-B916-4ECC-99C6-3324B579B339}.Debug|Any CPU.Build.0 = Debug|Any CPU
		{070771A5-B916-4ECC-99C6-3324B579B339}.Release|Any CPU.ActiveCfg = Release|Any CPU
		{070771A5-B916-4ECC-99C6-3324B579B339}.Release|Any CPU.Build.0 = Release|Any CPU
	EndGlobalSection
	GlobalSection(SolutionProperties) = preSolution
		HideSolutionNode = FALSE
	EndGlobalSection
	GlobalSection(ExtensibilityGlobals) = postSolution
		SolutionGuid = {5C50DB3D-87A0-41C9-8096-6B21B3929C17}
	EndGlobalSection
EndGlobal
